PODS:
  - Flutter (1.0.0)
  - sound_stream (0.1.0):
    - Flutter

DEPENDENCIES:
  - Flutter (from `Flutter`)
  - sound_stream (from `.symlinks/plugins/sound_stream/ios`)

EXTERNAL SOURCES:
  Flutter:
    :path: Flutter
  sound_stream:
    :path: ".symlinks/plugins/sound_stream/ios"

SPEC CHECKSUMS:
  Flutter: e0871f40cf51350855a761d2e70bf5af5b9b5de7
  sound_stream: da51a14584a120d7e7e0aeaa1e0748217d235bea

PODFILE CHECKSUM: 7b0d07bdbe0a21e4c70e8292d899831b73ebdedb

COCOAPODS: 1.16.2
